// !$*UTF8*$!
{
	archiveVersion = 1;
	classes = {
	};
	objectVersion = 50;
	objects = {

/* Begin PBXBuildFile section */
		96E662E325E4A32900C97DC2 /* AppDelegate.swift in Sources */ = {isa = PBXBuildFile; fileRef = 96E662E225E4A32900C97DC2 /* AppDelegate.swift */; };
		96E662E525E4A32900C97DC2 /* SceneDelegate.swift in Sources */ = {isa = PBXBuildFile; fileRef = 96E662E425E4A32900C97DC2 /* SceneDelegate.swift */; };
		96E662E725E4A32900C97DC2 /* ViewController.swift in Sources */ = {isa = PBXBuildFile; fileRef = 96E662E625E4A32900C97DC2 /* ViewController.swift */; };
		96E662EA25E4A32900C97DC2 /* Main.storyboard in Resources */ = {isa = PBXBuildFile; fileRef = 96E662E825E4A32900C97DC2 /* Main.storyboard */; };
		96E662EC25E4A32B00C97DC2 /* Assets.xcassets in Resources */ = {isa = PBXBuildFile; fileRef = 96E662EB25E4A32B00C97DC2 /* Assets.xcassets */; };
		96E662EF25E4A32B00C97DC2 /* LaunchScreen.storyboard in Resources */ = {isa = PBXBuildFile; fileRef = 96E662ED25E4A32B00C97DC2 /* LaunchScreen.storyboard */; };
		96E662FA25E4A32B00C97DC2 /* flixsterTests.swift in Sources */ = {isa = PBXBuildFile; fileRef = 96E662F925E4A32B00C97DC2 /* flixsterTests.swift */; };
		96E6630525E4A32B00C97DC2 /* flixsterUITests.swift in Sources */ = {isa = PBXBuildFile; fileRef = 96E6630425E4A32B00C97DC2 /* flixsterUITests.swift */; };
/* End PBXBuildFile section */

/* Begin PBXContainerItemProxy section */
		96E662F625E4A32B00C97DC2 /* PBXContainerItemProxy */ = {
			isa = PBXContainerItemProxy;
			containerPortal = 96E662D725E4A32900C97DC2 /* Project object */;
			proxyType = 1;
			remoteGlobalIDString = 96E662DE25E4A32900C97DC2;
			remoteInfo = flixster;
		};
		96E6630125E4A32B00C97DC2 /* PBXContainerItemProxy */ = {
			isa = PBXContainerItemProxy;
			containerPortal = 96E662D725E4A32900C97DC2 /* Project object */;
			proxyType = 1;
			remoteGlobalIDString = 96E662DE25E4A32900C97DC2;
			remoteInfo = flixster;
		};
/* End PBXContainerItemProxy section */

/* Begin PBXFileReference section */
		96E662DF25E4A32900C97DC2 /* flixster.app */ = {isa = PBXFileReference; explicitFileType = wrapper.application; includeInIndex = 0; path = flixster.app; sourceTree = BUILT_PRODUCTS_DIR; };
		96E662E225E4A32900C97DC2 /* AppDelegate.swift */ = {isa = PBXFileReference; lastKnownFileType = sourcecode.swift; path = AppDelegate.swift; sourceTree = "<group>"; };
		96E662E425E4A32900C97DC2 /* SceneDelegate.swift */ = {isa = PBXFileReference; lastKnownFileType = sourcecode.swift; path = SceneDelegate.swift; sourceTree = "<group>"; };
		96E662E625E4A32900C97DC2 /* ViewController.swift */ = {isa = PBXFileReference; lastKnownFileType = sourcecode.swift; path = ViewController.swift; sourceTree = "<group>"; };
		96E662E925E4A32900C97DC2 /* Base */ = {isa = PBXFileReference; lastKnownFileType = file.storyboard; name = Base; path = Base.lproj/Main.storyboard; sourceTree = "<group>"; };
		96E662EB25E4A32B00C97DC2 /* Assets.xcassets */ = {isa = PBXFileReference; lastKnownFileType = folder.assetcatalog; path = Assets.xcassets; sourceTree = "<group>"; };
		96E662EE25E4A32B00C97DC2 /* Base */ = {isa = PBXFileReference; lastKnownFileType = file.storyboard; name = Base; path = Base.lproj/LaunchScreen.storyboard; sourceTree = "<group>"; };
		96E662F025E4A32B00C97DC2 /* Info.plist */ = {isa = PBXFileReference; lastKnownFileType = text.plist.xml; path = Info.plist; sourceTree = "<group>"; };
		96E662F525E4A32B00C97DC2 /* flixsterTests.xctest */ = {isa = PBXFileReference; explicitFileType = wrapper.cfbundle; includeInIndex = 0; path = flixsterTests.xctest; sourceTree = BUILT_PRODUCTS_DIR; };
		96E662F925E4A32B00C97DC2 /* flixsterTests.swift */ = {isa = PBXFileReference; lastKnownFileType = sourcecode.swift; path = flixsterTests.swift; sourceTree = "<group>"; };
		96E662FB25E4A32B00C97DC2 /* Info.plist */ = {isa = PBXFileReference; lastKnownFileType = text.plist.xml; path = Info.plist; sourceTree = "<group>"; };
		96E6630025E4A32B00C97DC2 /* flixsterUITests.xctest */ = {isa = PBXFileReference; explicitFileType = wrapper.cfbundle; includeInIndex = 0; path = flixsterUITests.xctest; sourceTree = BUILT_PRODUCTS_DIR; };
		96E6630425E4A32B00C97DC2 /* flixsterUITests.swift */ = {isa = PBXFileReference; lastKnownFileType = sourcecode.swift; path = flixsterUITests.swift; sourceTree = "<group>"; };
		96E6630625E4A32B00C97DC2 /* Info.plist */ = {isa = PBXFileReference; lastKnownFileType = text.plist.xml; path = Info.plist; sourceTree = "<group>"; };
/* End PBXFileReference section */

/* Begin PBXFrameworksBuildPhase section */
		96E662DC25E4A32900C97DC2 /* Frameworks */ = {
			isa = PBXFrameworksBuildPhase;
			buildActionMask = 2147483647;
			files = (
			);
			runOnlyForDeploymentPostprocessing = 0;
		};
		96E662F225E4A32B00C97DC2 /* Frameworks */ = {
			isa = PBXFrameworksBuildPhase;
			buildActionMask = 2147483647;
			files = (
			);
			runOnlyForDeploymentPostprocessing = 0;
		};
		96E662FD25E4A32B00C97DC2 /* Frameworks */ = {
			isa = PBXFrameworksBuildPhase;
			buildActionMask = 2147483647;
			files = (
			);
			runOnlyForDeploymentPostprocessing = 0;
		};
/* End PBXFrameworksBuildPhase section */

/* Begin PBXGroup section */
		96E662D625E4A32900C97DC2 = {
			isa = PBXGroup;
			children = (
				96E662E125E4A32900C97DC2 /* flixster */,
				96E662F825E4A32B00C97DC2 /* flixsterTests */,
				96E6630325E4A32B00C97DC2 /* flixsterUITests */,
				96E662E025E4A32900C97DC2 /* Products */,
			);
			sourceTree = "<group>";
		};
		96E662E025E4A32900C97DC2 /* Products */ = {
			isa = PBXGroup;
			children = (
				96E662DF25E4A32900C97DC2 /* flixster.app */,
				96E662F525E4A32B00C97DC2 /* flixsterTests.xctest */,
				96E6630025E4A32B00C97DC2 /* flixsterUITests.xctest */,
			);
			name = Products;
			sourceTree = "<group>";
		};
		96E662E125E4A32900C97DC2 /* flixster */ = {
			isa = PBXGroup;
			children = (
				96E662E225E4A32900C97DC2 /* AppDelegate.swift */,
				96E662E425E4A32900C97DC2 /* SceneDelegate.swift */,
				96E662E625E4A32900C97DC2 /* ViewController.swift */,
				96E662E825E4A32900C97DC2 /* Main.storyboard */,
				96E662EB25E4A32B00C97DC2 /* Assets.xcassets */,
				96E662ED25E4A32B00C97DC2 /* LaunchScreen.storyboard */,
				96E662F025E4A32B00C97DC2 /* Info.plist */,
			);
			path = flixster;
			sourceTree = "<group>";
		};
		96E662F825E4A32B00C97DC2 /* flixsterTests */ = {
			isa = PBXGroup;
			children = (
				96E662F925E4A32B00C97DC2 /* flixsterTests.swift */,
				96E662FB25E4A32B00C97DC2 /* Info.plist */,
			);
			path = flixsterTests;
			sourceTree = "<group>";
		};
		96E6630325E4A32B00C97DC2 /* flixsterUITests */ = {
			isa = PBXGroup;
			children = (
				96E6630425E4A32B00C97DC2 /* flixsterUITests.swift */,
				96E6630625E4A32B00C97DC2 /* Info.plist */,
			);
			path = flixsterUITests;
			sourceTree = "<group>";
		};
/* End PBXGroup section */

/* Begin PBXNativeTarget section */
		96E662DE25E4A32900C97DC2 /* flixster */ = {
			isa = PBXNativeTarget;
			buildConfigurationList = 96E6630925E4A32B00C97DC2 /* Build configuration list for PBXNativeTarget "flixster" */;
			buildPhases = (
				96E662DB25E4A32900C97DC2 /* Sources */,
				96E662DC25E4A32900C97DC2 /* Frameworks */,
				96E662DD25E4A32900C97DC2 /* Resources */,
			);
			buildRules = (
			);
			dependencies = (
			);
			name = flixster;
			productName = flixster;
			productReference = 96E662DF25E4A32900C97DC2 /* flixster.app */;
			productType = "com.apple.product-type.application";
		};
		96E662F425E4A32B00C97DC2 /* flixsterTests */ = {
			isa = PBXNativeTarget;
			buildConfigurationList = 96E6630C25E4A32B00C97DC2 /* Build configuration list for PBXNativeTarget "flixsterTests" */;
			buildPhases = (
				96E662F125E4A32B00C97DC2 /* Sources */,
				96E662F225E4A32B00C97DC2 /* Frameworks */,
				96E662F325E4A32B00C97DC2 /* Resources */,
			);
			buildRules = (
			);
			dependencies = (
				96E662F725E4A32B00C97DC2 /* PBXTargetDependency */,
			);
			name = flixsterTests;
			productName = flixsterTests;
			productReference = 96E662F525E4A32B00C97DC2 /* flixsterTests.xctest */;
			productType = "com.apple.product-type.bundle.unit-test";
		};
		96E662FF25E4A32B00C97DC2 /* flixsterUITests */ = {
			isa = PBXNativeTarget;
			buildConfigurationList = 96E6630F25E4A32B00C97DC2 /* Build configuration list for PBXNativeTarget "flixsterUITests" */;
			buildPhases = (
				96E662FC25E4A32B00C97DC2 /* Sources */,
				96E662FD25E4A32B00C97DC2 /* Frameworks */,
				96E662FE25E4A32B00C97DC2 /* Resources */,
			);
			buildRules = (
			);
			dependencies = (
				96E6630225E4A32B00C97DC2 /* PBXTargetDependency */,
			);
			name = flixsterUITests;
			productName = flixsterUITests;
			productReference = 96E6630025E4A32B00C97DC2 /* flixsterUITests.xctest */;
			productType = "com.apple.product-type.bundle.ui-testing";
		};
/* End PBXNativeTarget section */

/* Begin PBXProject section */
		96E662D725E4A32900C97DC2 /* Project object */ = {
			isa = PBXProject;
			attributes = {
				LastSwiftUpdateCheck = 1240;
				LastUpgradeCheck = 1240;
				TargetAttributes = {
					96E662DE25E4A32900C97DC2 = {
						CreatedOnToolsVersion = 12.4;
					};
					96E662F425E4A32B00C97DC2 = {
						CreatedOnToolsVersion = 12.4;
						TestTargetID = 96E662DE25E4A32900C97DC2;
					};
					96E662FF25E4A32B00C97DC2 = {
						CreatedOnToolsVersion = 12.4;
						TestTargetID = 96E662DE25E4A32900C97DC2;
					};
				};
			};
			buildConfigurationList = 96E662DA25E4A32900C97DC2 /* Build configuration list for PBXProject "flixster" */;
			compatibilityVersion = "Xcode 9.3";
			developmentRegion = en;
			hasScannedForEncodings = 0;
			knownRegions = (
				en,
				Base,
			);
			mainGroup = 96E662D625E4A32900C97DC2;
			productRefGroup = 96E662E025E4A32900C97DC2 /* Products */;
			projectDirPath = "";
			projectRoot = "";
			targets = (
				96E662DE25E4A32900C97DC2 /* flixster */,
				96E662F425E4A32B00C97DC2 /* flixsterTests */,
				96E662FF25E4A32B00C97DC2 /* flixsterUITests */,
			);
		};
/* End PBXProject section */

/* Begin PBXResourcesBuildPhase section */
		96E662DD25E4A32900C97DC2 /* Resources */ = {
			isa = PBXResourcesBuildPhase;
			buildActionMask = 2147483647;
			files = (
				96E662EF25E4A32B00C97DC2 /* LaunchScreen.storyboard in Resources */,
				96E662EC25E4A32B00C97DC2 /* Assets.xcassets in Resources */,
				96E662EA25E4A32900C97DC2 /* Main.storyboard in Resources */,
			);
			runOnlyForDeploymentPostprocessing = 0;
		};
		96E662F325E4A32B00C97DC2 /* Resources */ = {
			isa = PBXResourcesBuildPhase;
			buildActionMask = 2147483647;
			files = (
			);
			runOnlyForDeploymentPostprocessing = 0;
		};
		96E662FE25E4A32B00C97DC2 /* Resources */ = {
			isa = PBXResourcesBuildPhase;
			buildActionMask = 2147483647;
			files = (
			);
			runOnlyForDeploymentPostprocessing = 0;
		};
/* End PBXResourcesBuildPhase section */

/* Begin PBXSourcesBuildPhase section */
		96E662DB25E4A32900C97DC2 /* Sources */ = {
			isa = PBXSourcesBuildPhase;
			buildActionMask = 2147483647;
			files = (
				96E662E725E4A32900C97DC2 /* ViewController.swift in Sources */,
				96E662E325E4A32900C97DC2 /* AppDelegate.swift in Sources */,
				96E662E525E4A32900C97DC2 /* SceneDelegate.swift in Sources */,
			);
			runOnlyForDeploymentPostprocessing = 0;
		};
		96E662F125E4A32B00C97DC2 /* Sources */ = {
			isa = PBXSourcesBuildPhase;
			buildActionMask = 2147483647;
			files = (
				96E662FA25E4A32B00C97DC2 /* flixsterTests.swift in Sources */,
			);
			runOnlyForDeploymentPostprocessing = 0;
		};
		96E662FC25E4A32B00C97DC2 /* Sources */ = {
			isa = PBXSourcesBuildPhase;
			buildActionMask = 2147483647;
			files = (
				96E6630525E4A32B00C97DC2 /* flixsterUITests.swift in Sources */,
			);
			runOnlyForDeploymentPostprocessing = 0;
		};
/* End PBXSourcesBuildPhase section */

/* Begin PBXTargetDependency section */
		96E662F725E4A32B00C97DC2 /* PBXTargetDependency */ = {
			isa = PBXTargetDependency;
			target = 96E662DE25E4A32900C97DC2 /* flixster */;
			targetProxy = 96E662F625E4A32B00C97DC2 /* PBXContainerItemProxy */;
		};
		96E6630225E4A32B00C97DC2 /* PBXTargetDependency */ = {
			isa = PBXTargetDependency;
			target = 96E662DE25E4A32900C97DC2 /* flixster */;
			targetProxy = 96E6630125E4A32B00C97DC2 /* PBXContainerItemProxy */;
		};
/* End PBXTargetDependency section */

/* Begin PBXVariantGroup section */
		96E662E825E4A32900C97DC2 /* Main.storyboard */ = {
			isa = PBXVariantGroup;
			children = (
				96E662E925E4A32900C97DC2 /* Base */,
			);
			name = Main.storyboard;
			sourceTree = "<group>";
		};
		96E662ED25E4A32B00C97DC2 /* LaunchScreen.storyboard */ = {
			isa = PBXVariantGroup;
			children = (
				96E662EE25E4A32B00C97DC2 /* Base */,
			);
			name = LaunchScreen.storyboard;
			sourceTree = "<group>";
		};
/* End PBXVariantGroup section */

/* Begin XCBuildConfiguration section */
		96E6630725E4A32B00C97DC2 /* Debug */ = {
			isa = XCBuildConfiguration;
			buildSettings = {
				ALWAYS_SEARCH_USER_PATHS = NO;
				CLANG_ANALYZER_NONNULL = YES;
				CLANG_ANALYZER_NUMBER_OBJECT_CONVERSION = YES_AGGRESSIVE;
				CLANG_CXX_LANGUAGE_STANDARD = "gnu++14";
				CLANG_CXX_LIBRARY = "libc++";
				CLANG_ENABLE_MODULES = YES;
				CLANG_ENABLE_OBJC_ARC = YES;
				CLANG_ENABLE_OBJC_WEAK = YES;
				CLANG_WARN_BLOCK_CAPTURE_AUTORELEASING = YES;
				CLANG_WARN_BOOL_CONVERSION = YES;
				CLANG_WARN_COMMA = YES;
				CLANG_WARN_CONSTANT_CONVERSION = YES;
				CLANG_WARN_DEPRECATED_OBJC_IMPLEMENTATIONS = YES;
				CLANG_WARN_DIRECT_OBJC_ISA_USAGE = YES_ERROR;
				CLANG_WARN_DOCUMENTATION_COMMENTS = YES;
				CLANG_WARN_EMPTY_BODY = YES;
				CLANG_WARN_ENUM_CONVERSION = YES;
				CLANG_WARN_INFINITE_RECURSION = YES;
				CLANG_WARN_INT_CONVERSION = YES;
				CLANG_WARN_NON_LITERAL_NULL_CONVERSION = YES;
				CLANG_WARN_OBJC_IMPLICIT_RETAIN_SELF = YES;
				CLANG_WARN_OBJC_LITERAL_CONVERSION = YES;
				CLANG_WARN_OBJC_ROOT_CLASS = YES_ERROR;
				CLANG_WARN_QUOTED_INCLUDE_IN_FRAMEWORK_HEADER = YES;
				CLANG_WARN_RANGE_LOOP_ANALYSIS = YES;
				CLANG_WARN_STRICT_PROTOTYPES = YES;
				CLANG_WARN_SUSPICIOUS_MOVE = YES;
				CLANG_WARN_UNGUARDED_AVAILABILITY = YES_AGGRESSIVE;
				CLANG_WARN_UNREACHABLE_CODE = YES;
				CLANG_WARN__DUPLICATE_METHOD_MATCH = YES;
				COPY_PHASE_STRIP = NO;
				DEBUG_INFORMATION_FORMAT = dwarf;
				ENABLE_STRICT_OBJC_MSGSEND = YES;
				ENABLE_TESTABILITY = YES;
				GCC_C_LANGUAGE_STANDARD = gnu11;
				GCC_DYNAMIC_NO_PIC = NO;
				GCC_NO_COMMON_BLOCKS = YES;
				GCC_OPTIMIZATION_LEVEL = 0;
				GCC_PREPROCESSOR_DEFINITIONS = (
					"DEBUG=1",
					"$(inherited)",
				);
				GCC_WARN_64_TO_32_BIT_CONVERSION = YES;
				GCC_WARN_ABOUT_RETURN_TYPE = YES_ERROR;
				GCC_WARN_UNDECLARED_SELECTOR = YES;
				GCC_WARN_UNINITIALIZED_AUTOS = YES_AGGRESSIVE;
				GCC_WARN_UNUSED_FUNCTION = YES;
				GCC_WARN_UNUSED_VARIABLE = YES;
				IPHONEOS_DEPLOYMENT_TARGET = 14.4;
				MTL_ENABLE_DEBUG_INFO = INCLUDE_SOURCE;
				MTL_FAST_MATH = YES;
				ONLY_ACTIVE_ARCH = YES;
				SDKROOT = iphoneos;
				SWIFT_ACTIVE_COMPILATION_CONDITIONS = DEBUG;
				SWIFT_OPTIMIZATION_LEVEL = "-Onone";
			};
			name = Debug;
		};
		96E6630825E4A32B00C97DC2 /* Release */ = {
			isa = XCBuildConfiguration;
			buildSettings = {
				ALWAYS_SEARCH_USER_PATHS = NO;
				CLANG_ANALYZER_NONNULL = YES;
				CLANG_ANALYZER_NUMBER_OBJECT_CONVERSION = YES_AGGRESSIVE;
				CLANG_CXX_LANGUAGE_STANDARD = "gnu++14";
				CLANG_CXX_LIBRARY = "libc++";
				CLANG_ENABLE_MODULES = YES;
				CLANG_ENABLE_OBJC_ARC = YES;
				CLANG_ENABLE_OBJC_WEAK = YES;
				CLANG_WARN_BLOCK_CAPTURE_AUTORELEASING = YES;
				CLANG_WARN_BOOL_CONVERSION = YES;
				CLANG_WARN_COMMA = YES;
				CLANG_WARN_CONSTANT_CONVERSION = YES;
				CLANG_WARN_DEPRECATED_OBJC_IMPLEMENTATIONS = YES;
				CLANG_WARN_DIRECT_OBJC_ISA_USAGE = YES_ERROR;
				CLANG_WARN_DOCUMENTATION_COMMENTS = YES;
				CLANG_WARN_EMPTY_BODY = YES;
				CLANG_WARN_ENUM_CONVERSION = YES;
				CLANG_WARN_INFINITE_RECURSION = YES;
				CLANG_WARN_INT_CONVERSION = YES;
				CLANG_WARN_NON_LITERAL_NULL_CONVERSION = YES;
				CLANG_WARN_OBJC_IMPLICIT_RETAIN_SELF = YES;
				CLANG_WARN_OBJC_LITERAL_CONVERSION = YES;
				CLANG_WARN_OBJC_ROOT_CLASS = YES_ERROR;
				CLANG_WARN_QUOTED_INCLUDE_IN_FRAMEWORK_HEADER = YES;
				CLANG_WARN_RANGE_LOOP_ANALYSIS = YES;
				CLANG_WARN_STRICT_PROTOTYPES = YES;
				CLANG_WARN_SUSPICIOUS_MOVE = YES;
				CLANG_WARN_UNGUARDED_AVAILABILITY = YES_AGGRESSIVE;
				CLANG_WARN_UNREACHABLE_CODE = YES;
				CLANG_WARN__DUPLICATE_METHOD_MATCH = YES;
				COPY_PHASE_STRIP = NO;
				DEBUG_INFORMATION_FORMAT = "dwarf-with-dsym";
				ENABLE_NS_ASSERTIONS = NO;
				ENABLE_STRICT_OBJC_MSGSEND = YES;
				GCC_C_LANGUAGE_STANDARD = gnu11;
				GCC_NO_COMMON_BLOCKS = YES;
				GCC_WARN_64_TO_32_BIT_CONVERSION = YES;
				GCC_WARN_ABOUT_RETURN_TYPE = YES_ERROR;
				GCC_WARN_UNDECLARED_SELECTOR = YES;
				GCC_WARN_UNINITIALIZED_AUTOS = YES_AGGRESSIVE;
				GCC_WARN_UNUSED_FUNCTION = YES;
				GCC_WARN_UNUSED_VARIABLE = YES;
				IPHONEOS_DEPLOYMENT_TARGET = 14.4;
				MTL_ENABLE_DEBUG_INFO = NO;
				MTL_FAST_MATH = YES;
				SDKROOT = iphoneos;
				SWIFT_COMPILATION_MODE = wholemodule;
				SWIFT_OPTIMIZATION_LEVEL = "-O";
				VALIDATE_PRODUCT = YES;
			};
			name = Release;
		};
		96E6630A25E4A32B00C97DC2 /* Debug */ = {
			isa = XCBuildConfiguration;
			buildSettings = {
				ASSETCATALOG_COMPILER_APPICON_NAME = AppIcon;
				ASSETCATALOG_COMPILER_GLOBAL_ACCENT_COLOR_NAME = AccentColor;
				CODE_SIGN_STYLE = Automatic;
				INFOPLIST_FILE = flixster/Info.plist;
				LD_RUNPATH_SEARCH_PATHS = (
					"$(inherited)",
					"@executable_path/Frameworks",
				);
				PRODUCT_BUNDLE_IDENTIFIER = tejas.marimuthu.flixster;
				PRODUCT_NAME = "$(TARGET_NAME)";
				SWIFT_VERSION = 5.0;
				TARGETED_DEVICE_FAMILY = "1,2";
			};
			name = Debug;
		};
		96E6630B25E4A32B00C97DC2 /* Release */ = {
			isa = XCBuildConfiguration;
			buildSettings = {
				ASSETCATALOG_COMPILER_APPICON_NAME = AppIcon;
				ASSETCATALOG_COMPILER_GLOBAL_ACCENT_COLOR_NAME = AccentColor;
				CODE_SIGN_STYLE = Automatic;
				INFOPLIST_FILE = flixster/Info.plist;
				LD_RUNPATH_SEARCH_PATHS = (
					"$(inherited)",
					"@executable_path/Frameworks",
				);
				PRODUCT_BUNDLE_IDENTIFIER = tejas.marimuthu.flixster;
				PRODUCT_NAME = "$(TARGET_NAME)";
				SWIFT_VERSION = 5.0;
				TARGETED_DEVICE_FAMILY = "1,2";
			};
			name = Release;
		};
		96E6630D25E4A32B00C97DC2 /* Debug */ = {
			isa = XCBuildConfiguration;
			buildSettings = {
				ALWAYS_EMBED_SWIFT_STANDARD_LIBRARIES = YES;
				BUNDLE_LOADER = "$(TEST_HOST)";
				CODE_SIGN_STYLE = Automatic;
				INFOPLIST_FILE = flixsterTests/Info.plist;
				IPHONEOS_DEPLOYMENT_TARGET = 14.4;
				LD_RUNPATH_SEARCH_PATHS = (
					"$(inherited)",
					"@executable_path/Frameworks",
					"@loader_path/Frameworks",
				);
				PRODUCT_BUNDLE_IDENTIFIER = tejas.marimuthu.flixsterTests;
				PRODUCT_NAME = "$(TARGET_NAME)";
				SWIFT_VERSION = 5.0;
				TARGETED_DEVICE_FAMILY = "1,2";
				TEST_HOST = "$(BUILT_PRODUCTS_DIR)/flixster.app/flixster";
			};
			name = Debug;
		};
		96E6630E25E4A32B00C97DC2 /* Release */ = {
			isa = XCBuildConfiguration;
			buildSettings = {
				ALWAYS_EMBED_SWIFT_STANDARD_LIBRARIES = YES;
				BUNDLE_LOADER = "$(TEST_HOST)";
				CODE_SIGN_STYLE = Automatic;
				INFOPLIST_FILE = flixsterTests/Info.plist;
				IPHONEOS_DEPLOYMENT_TARGET = 14.4;
				LD_RUNPATH_SEARCH_PATHS = (
					"$(inherited)",
					"@executable_path/Frameworks",
					"@loader_path/Frameworks",
				);
				PRODUCT_BUNDLE_IDENTIFIER = tejas.marimuthu.flixsterTests;
				PRODUCT_NAME = "$(TARGET_NAME)";
				SWIFT_VERSION = 5.0;
				TARGETED_DEVICE_FAMILY = "1,2";
				TEST_HOST = "$(BUILT_PRODUCTS_DIR)/flixster.app/flixster";
			};
			name = Release;
		};
		96E6631025E4A32B00C97DC2 /* Debug */ = {
			isa = XCBuildConfiguration;
			buildSettings = {
				ALWAYS_EMBED_SWIFT_STANDARD_LIBRARIES = YES;
				CODE_SIGN_STYLE = Automatic;
				INFOPLIST_FILE = flixsterUITests/Info.plist;
				LD_RUNPATH_SEARCH_PATHS = (
					"$(inherited)",
					"@executable_path/Frameworks",
					"@loader_path/Frameworks",
				);
				PRODUCT_BUNDLE_IDENTIFIER = tejas.marimuthu.flixsterUITests;
				PRODUCT_NAME = "$(TARGET_NAME)";
				SWIFT_VERSION = 5.0;
				TARGETED_DEVICE_FAMILY = "1,2";
				TEST_TARGET_NAME = flixster;
			};
			name = Debug;
		};
		96E6631125E4A32B00C97DC2 /* Release */ = {
			isa = XCBuildConfiguration;
			buildSettings = {
				ALWAYS_EMBED_SWIFT_STANDARD_LIBRARIES = YES;
				CODE_SIGN_STYLE = Automatic;
				INFOPLIST_FILE = flixsterUITests/Info.plist;
				LD_RUNPATH_SEARCH_PATHS = (
					"$(inherited)",
					"@executable_path/Frameworks",
					"@loader_path/Frameworks",
				);
				PRODUCT_BUNDLE_IDENTIFIER = tejas.marimuthu.flixsterUITests;
				PRODUCT_NAME = "$(TARGET_NAME)";
				SWIFT_VERSION = 5.0;
				TARGETED_DEVICE_FAMILY = "1,2";
				TEST_TARGET_NAME = flixster;
			};
			name = Release;
		};
/* End XCBuildConfiguration section */

/* Begin XCConfigurationList section */
		96E662DA25E4A32900C97DC2 /* Build configuration list for PBXProject "flixster" */ = {
			isa = XCConfigurationList;
			buildConfigurations = (
				96E6630725E4A32B00C97DC2 /* Debug */,
				96E6630825E4A32B00C97DC2 /* Release */,
			);
			defaultConfigurationIsVisible = 0;
			defaultConfigurationName = Release;
		};
		96E6630925E4A32B00C97DC2 /* Build configuration list for PBXNativeTarget "flixster" */ = {
			isa = XCConfigurationList;
			buildConfigurations = (
				96E6630A25E4A32B00C97DC2 /* Debug */,
				96E6630B25E4A32B00C97DC2 /* Release */,
			);
			defaultConfigurationIsVisible = 0;
			defaultConfigurationName = Release;
		};
		96E6630C25E4A32B00C97DC2 /* Build configuration list for PBXNativeTarget "flixsterTests" */ = {
			isa = XCConfigurationList;
			buildConfigurations = (
				96E6630D25E4A32B00C97DC2 /* Debug */,
				96E6630E25E4A32B00C97DC2 /* Release */,
			);
			defaultConfigurationIsVisible = 0;
			defaultConfigurationName = Release;
		};
		96E6630F25E4A32B00C97DC2 /* Build configuration list for PBXNativeTarget "flixsterUITests" */ = {
			isa = XCConfigurationList;
			buildConfigurations = (
				96E6631025E4A32B00C97DC2 /* Debug */,
				96E6631125E4A32B00C97DC2 /* Release */,
			);
			defaultConfigurationIsVisible = 0;
			defaultConfigurationName = Release;
		};
/* End XCConfigurationList section */
	};
	rootObject = 96E662D725E4A32900C97DC2 /* Project object */;
}
